// !$*UTF8*$!
{
	archiveVersion = 1;
	classes = {
	};
	objectVersion = 50;
	objects = {

/* Begin PBXBuildFile section */
		ED7DF92E2549C73E0017CA14 /* AppDelegate.swift in Sources */ = {isa = PBXBuildFile; fileRef = ED7DF92D2549C73E0017CA14 /* AppDelegate.swift */; };
		ED7DF9302549C73E0017CA14 /* SceneDelegate.swift in Sources */ = {isa = PBXBuildFile; fileRef = ED7DF92F2549C73E0017CA14 /* SceneDelegate.swift */; };
		ED7DF9322549C73E0017CA14 /* ViewController.swift in Sources */ = {isa = PBXBuildFile; fileRef = ED7DF9312549C73E0017CA14 /* ViewController.swift */; };
		ED7DF9352549C73F0017CA14 /* Main.storyboard in Resources */ = {isa = PBXBuildFile; fileRef = ED7DF9332549C73E0017CA14 /* Main.storyboard */; };
		ED7DF9372549C7430017CA14 /* Assets.xcassets in Resources */ = {isa = PBXBuildFile; fileRef = ED7DF9362549C7430017CA14 /* Assets.xcassets */; };
		ED7DF93A2549C7430017CA14 /* LaunchScreen.storyboard in Resources */ = {isa = PBXBuildFile; fileRef = ED7DF9382549C7430017CA14 /* LaunchScreen.storyboard */; };
		ED7DF9452549C7430017CA14 /* ParstagramTests.swift in Sources */ = {isa = PBXBuildFile; fileRef = ED7DF9442549C7430017CA14 /* ParstagramTests.swift */; };
		ED7DF9502549C7430017CA14 /* ParstagramUITests.swift in Sources */ = {isa = PBXBuildFile; fileRef = ED7DF94F2549C7430017CA14 /* ParstagramUITests.swift */; };
/* End PBXBuildFile section */

/* Begin PBXContainerItemProxy section */
		ED7DF9412549C7430017CA14 /* PBXContainerItemProxy */ = {
			isa = PBXContainerItemProxy;
			containerPortal = ED7DF9222549C73E0017CA14 /* Project object */;
			proxyType = 1;
			remoteGlobalIDString = ED7DF9292549C73E0017CA14;
			remoteInfo = Parstagram;
		};
		ED7DF94C2549C7430017CA14 /* PBXContainerItemProxy */ = {
			isa = PBXContainerItemProxy;
			containerPortal = ED7DF9222549C73E0017CA14 /* Project object */;
			proxyType = 1;
			remoteGlobalIDString = ED7DF9292549C73E0017CA14;
			remoteInfo = Parstagram;
		};
/* End PBXContainerItemProxy section */

/* Begin PBXFileReference section */
		ED7DF92A2549C73E0017CA14 /* Parstagram.app */ = {isa = PBXFileReference; explicitFileType = wrapper.application; includeInIndex = 0; path = Parstagram.app; sourceTree = BUILT_PRODUCTS_DIR; };
		ED7DF92D2549C73E0017CA14 /* AppDelegate.swift */ = {isa = PBXFileReference; lastKnownFileType = sourcecode.swift; path = AppDelegate.swift; sourceTree = "<group>"; };
		ED7DF92F2549C73E0017CA14 /* SceneDelegate.swift */ = {isa = PBXFileReference; lastKnownFileType = sourcecode.swift; path = SceneDelegate.swift; sourceTree = "<group>"; };
		ED7DF9312549C73E0017CA14 /* ViewController.swift */ = {isa = PBXFileReference; lastKnownFileType = sourcecode.swift; path = ViewController.swift; sourceTree = "<group>"; };
		ED7DF9342549C73E0017CA14 /* Base */ = {isa = PBXFileReference; lastKnownFileType = file.storyboard; name = Base; path = Base.lproj/Main.storyboard; sourceTree = "<group>"; };
		ED7DF9362549C7430017CA14 /* Assets.xcassets */ = {isa = PBXFileReference; lastKnownFileType = folder.assetcatalog; path = Assets.xcassets; sourceTree = "<group>"; };
		ED7DF9392549C7430017CA14 /* Base */ = {isa = PBXFileReference; lastKnownFileType = file.storyboard; name = Base; path = Base.lproj/LaunchScreen.storyboard; sourceTree = "<group>"; };
		ED7DF93B2549C7430017CA14 /* Info.plist */ = {isa = PBXFileReference; lastKnownFileType = text.plist.xml; path = Info.plist; sourceTree = "<group>"; };
		ED7DF9402549C7430017CA14 /* ParstagramTests.xctest */ = {isa = PBXFileReference; explicitFileType = wrapper.cfbundle; includeInIndex = 0; path = ParstagramTests.xctest; sourceTree = BUILT_PRODUCTS_DIR; };
		ED7DF9442549C7430017CA14 /* ParstagramTests.swift */ = {isa = PBXFileReference; lastKnownFileType = sourcecode.swift; path = ParstagramTests.swift; sourceTree = "<group>"; };
		ED7DF9462549C7430017CA14 /* Info.plist */ = {isa = PBXFileReference; lastKnownFileType = text.plist.xml; path = Info.plist; sourceTree = "<group>"; };
		ED7DF94B2549C7430017CA14 /* ParstagramUITests.xctest */ = {isa = PBXFileReference; explicitFileType = wrapper.cfbundle; includeInIndex = 0; path = ParstagramUITests.xctest; sourceTree = BUILT_PRODUCTS_DIR; };
		ED7DF94F2549C7430017CA14 /* ParstagramUITests.swift */ = {isa = PBXFileReference; lastKnownFileType = sourcecode.swift; path = ParstagramUITests.swift; sourceTree = "<group>"; };
		ED7DF9512549C7430017CA14 /* Info.plist */ = {isa = PBXFileReference; lastKnownFileType = text.plist.xml; path = Info.plist; sourceTree = "<group>"; };
/* End PBXFileReference section */

/* Begin PBXFrameworksBuildPhase section */
		ED7DF9272549C73E0017CA14 /* Frameworks */ = {
			isa = PBXFrameworksBuildPhase;
			buildActionMask = 2147483647;
			files = (
			);
			runOnlyForDeploymentPostprocessing = 0;
		};
		ED7DF93D2549C7430017CA14 /* Frameworks */ = {
			isa = PBXFrameworksBuildPhase;
			buildActionMask = 2147483647;
			files = (
			);
			runOnlyForDeploymentPostprocessing = 0;
		};
		ED7DF9482549C7430017CA14 /* Frameworks */ = {
			isa = PBXFrameworksBuildPhase;
			buildActionMask = 2147483647;
			files = (
			);
			runOnlyForDeploymentPostprocessing = 0;
		};
/* End PBXFrameworksBuildPhase section */

/* Begin PBXGroup section */
		ED7DF9212549C73E0017CA14 = {
			isa = PBXGroup;
			children = (
				ED7DF92C2549C73E0017CA14 /* Parstagram */,
				ED7DF9432549C7430017CA14 /* ParstagramTests */,
				ED7DF94E2549C7430017CA14 /* ParstagramUITests */,
				ED7DF92B2549C73E0017CA14 /* Products */,
			);
			sourceTree = "<group>";
		};
		ED7DF92B2549C73E0017CA14 /* Products */ = {
			isa = PBXGroup;
			children = (
				ED7DF92A2549C73E0017CA14 /* Parstagram.app */,
				ED7DF9402549C7430017CA14 /* ParstagramTests.xctest */,
				ED7DF94B2549C7430017CA14 /* ParstagramUITests.xctest */,
			);
			name = Products;
			sourceTree = "<group>";
		};
		ED7DF92C2549C73E0017CA14 /* Parstagram */ = {
			isa = PBXGroup;
			children = (
				ED7DF92D2549C73E0017CA14 /* AppDelegate.swift */,
				ED7DF92F2549C73E0017CA14 /* SceneDelegate.swift */,
				ED7DF9312549C73E0017CA14 /* ViewController.swift */,
				ED7DF9332549C73E0017CA14 /* Main.storyboard */,
				ED7DF9362549C7430017CA14 /* Assets.xcassets */,
				ED7DF9382549C7430017CA14 /* LaunchScreen.storyboard */,
				ED7DF93B2549C7430017CA14 /* Info.plist */,
			);
			path = Parstagram;
			sourceTree = "<group>";
		};
		ED7DF9432549C7430017CA14 /* ParstagramTests */ = {
			isa = PBXGroup;
			children = (
				ED7DF9442549C7430017CA14 /* ParstagramTests.swift */,
				ED7DF9462549C7430017CA14 /* Info.plist */,
			);
			path = ParstagramTests;
			sourceTree = "<group>";
		};
		ED7DF94E2549C7430017CA14 /* ParstagramUITests */ = {
			isa = PBXGroup;
			children = (
				ED7DF94F2549C7430017CA14 /* ParstagramUITests.swift */,
				ED7DF9512549C7430017CA14 /* Info.plist */,
			);
			path = ParstagramUITests;
			sourceTree = "<group>";
		};
/* End PBXGroup section */

/* Begin PBXNativeTarget section */
		ED7DF9292549C73E0017CA14 /* Parstagram */ = {
			isa = PBXNativeTarget;
			buildConfigurationList = ED7DF9542549C7430017CA14 /* Build configuration list for PBXNativeTarget "Parstagram" */;
			buildPhases = (
				ED7DF9262549C73E0017CA14 /* Sources */,
				ED7DF9272549C73E0017CA14 /* Frameworks */,
				ED7DF9282549C73E0017CA14 /* Resources */,
			);
			buildRules = (
			);
			dependencies = (
			);
			name = Parstagram;
			productName = Parstagram;
			productReference = ED7DF92A2549C73E0017CA14 /* Parstagram.app */;
			productType = "com.apple.product-type.application";
		};
		ED7DF93F2549C7430017CA14 /* ParstagramTests */ = {
			isa = PBXNativeTarget;
			buildConfigurationList = ED7DF9572549C7430017CA14 /* Build configuration list for PBXNativeTarget "ParstagramTests" */;
			buildPhases = (
				ED7DF93C2549C7430017CA14 /* Sources */,
				ED7DF93D2549C7430017CA14 /* Frameworks */,
				ED7DF93E2549C7430017CA14 /* Resources */,
			);
			buildRules = (
			);
			dependencies = (
				ED7DF9422549C7430017CA14 /* PBXTargetDependency */,
			);
			name = ParstagramTests;
			productName = ParstagramTests;
			productReference = ED7DF9402549C7430017CA14 /* ParstagramTests.xctest */;
			productType = "com.apple.product-type.bundle.unit-test";
		};
		ED7DF94A2549C7430017CA14 /* ParstagramUITests */ = {
			isa = PBXNativeTarget;
			buildConfigurationList = ED7DF95A2549C7430017CA14 /* Build configuration list for PBXNativeTarget "ParstagramUITests" */;
			buildPhases = (
				ED7DF9472549C7430017CA14 /* Sources */,
				ED7DF9482549C7430017CA14 /* Frameworks */,
				ED7DF9492549C7430017CA14 /* Resources */,
			);
			buildRules = (
			);
			dependencies = (
				ED7DF94D2549C7430017CA14 /* PBXTargetDependency */,
			);
			name = ParstagramUITests;
			productName = ParstagramUITests;
			productReference = ED7DF94B2549C7430017CA14 /* ParstagramUITests.xctest */;
			productType = "com.apple.product-type.bundle.ui-testing";
		};
/* End PBXNativeTarget section */

/* Begin PBXProject section */
		ED7DF9222549C73E0017CA14 /* Project object */ = {
			isa = PBXProject;
			attributes = {
				LastSwiftUpdateCheck = 1210;
				LastUpgradeCheck = 1210;
				TargetAttributes = {
					ED7DF9292549C73E0017CA14 = {
						CreatedOnToolsVersion = 12.1;
					};
					ED7DF93F2549C7430017CA14 = {
						CreatedOnToolsVersion = 12.1;
						TestTargetID = ED7DF9292549C73E0017CA14;
					};
					ED7DF94A2549C7430017CA14 = {
						CreatedOnToolsVersion = 12.1;
						TestTargetID = ED7DF9292549C73E0017CA14;
					};
				};
			};
			buildConfigurationList = ED7DF9252549C73E0017CA14 /* Build configuration list for PBXProject "Parstagram" */;
			compatibilityVersion = "Xcode 9.3";
			developmentRegion = en;
			hasScannedForEncodings = 0;
			knownRegions = (
				en,
				Base,
			);
			mainGroup = ED7DF9212549C73E0017CA14;
			productRefGroup = ED7DF92B2549C73E0017CA14 /* Products */;
			projectDirPath = "";
			projectRoot = "";
			targets = (
				ED7DF9292549C73E0017CA14 /* Parstagram */,
				ED7DF93F2549C7430017CA14 /* ParstagramTests */,
				ED7DF94A2549C7430017CA14 /* ParstagramUITests */,
			);
		};
/* End PBXProject section */

/* Begin PBXResourcesBuildPhase section */
		ED7DF9282549C73E0017CA14 /* Resources */ = {
			isa = PBXResourcesBuildPhase;
			buildActionMask = 2147483647;
			files = (
				ED7DF93A2549C7430017CA14 /* LaunchScreen.storyboard in Resources */,
				ED7DF9372549C7430017CA14 /* Assets.xcassets in Resources */,
				ED7DF9352549C73F0017CA14 /* Main.storyboard in Resources */,
			);
			runOnlyForDeploymentPostprocessing = 0;
		};
		ED7DF93E2549C7430017CA14 /* Resources */ = {
			isa = PBXResourcesBuildPhase;
			buildActionMask = 2147483647;
			files = (
			);
			runOnlyForDeploymentPostprocessing = 0;
		};
		ED7DF9492549C7430017CA14 /* Resources */ = {
			isa = PBXResourcesBuildPhase;
			buildActionMask = 2147483647;
			files = (
			);
			runOnlyForDeploymentPostprocessing = 0;
		};
/* End PBXResourcesBuildPhase section */

/* Begin PBXSourcesBuildPhase section */
		ED7DF9262549C73E0017CA14 /* Sources */ = {
			isa = PBXSourcesBuildPhase;
			buildActionMask = 2147483647;
			files = (
				ED7DF9322549C73E0017CA14 /* ViewController.swift in Sources */,
				ED7DF92E2549C73E0017CA14 /* AppDelegate.swift in Sources */,
				ED7DF9302549C73E0017CA14 /* SceneDelegate.swift in Sources */,
			);
			runOnlyForDeploymentPostprocessing = 0;
		};
		ED7DF93C2549C7430017CA14 /* Sources */ = {
			isa = PBXSourcesBuildPhase;
			buildActionMask = 2147483647;
			files = (
				ED7DF9452549C7430017CA14 /* ParstagramTests.swift in Sources */,
			);
			runOnlyForDeploymentPostprocessing = 0;
		};
		ED7DF9472549C7430017CA14 /* Sources */ = {
			isa = PBXSourcesBuildPhase;
			buildActionMask = 2147483647;
			files = (
				ED7DF9502549C7430017CA14 /* ParstagramUITests.swift in Sources */,
			);
			runOnlyForDeploymentPostprocessing = 0;
		};
/* End PBXSourcesBuildPhase section */

/* Begin PBXTargetDependency section */
		ED7DF9422549C7430017CA14 /* PBXTargetDependency */ = {
			isa = PBXTargetDependency;
			target = ED7DF9292549C73E0017CA14 /* Parstagram */;
			targetProxy = ED7DF9412549C7430017CA14 /* PBXContainerItemProxy */;
		};
		ED7DF94D2549C7430017CA14 /* PBXTargetDependency */ = {
			isa = PBXTargetDependency;
			target = ED7DF9292549C73E0017CA14 /* Parstagram */;
			targetProxy = ED7DF94C2549C7430017CA14 /* PBXContainerItemProxy */;
		};
/* End PBXTargetDependency section */

/* Begin PBXVariantGroup section */
		ED7DF9332549C73E0017CA14 /* Main.storyboard */ = {
			isa = PBXVariantGroup;
			children = (
				ED7DF9342549C73E0017CA14 /* Base */,
			);
			name = Main.storyboard;
			sourceTree = "<group>";
		};
		ED7DF9382549C7430017CA14 /* LaunchScreen.storyboard */ = {
			isa = PBXVariantGroup;
			children = (
				ED7DF9392549C7430017CA14 /* Base */,
			);
			name = LaunchScreen.storyboard;
			sourceTree = "<group>";
		};
/* End PBXVariantGroup section */

/* Begin XCBuildConfiguration section */
		ED7DF9522549C7430017CA14 /* Debug */ = {
			isa = XCBuildConfiguration;
			buildSettings = {
				ALWAYS_SEARCH_USER_PATHS = NO;
				CLANG_ANALYZER_NONNULL = YES;
				CLANG_ANALYZER_NUMBER_OBJECT_CONVERSION = YES_AGGRESSIVE;
				CLANG_CXX_LANGUAGE_STANDARD = "gnu++14";
				CLANG_CXX_LIBRARY = "libc++";
				CLANG_ENABLE_MODULES = YES;
				CLANG_ENABLE_OBJC_ARC = YES;
				CLANG_ENABLE_OBJC_WEAK = YES;
				CLANG_WARN_BLOCK_CAPTURE_AUTORELEASING = YES;
				CLANG_WARN_BOOL_CONVERSION = YES;
				CLANG_WARN_COMMA = YES;
				CLANG_WARN_CONSTANT_CONVERSION = YES;
				CLANG_WARN_DEPRECATED_OBJC_IMPLEMENTATIONS = YES;
				CLANG_WARN_DIRECT_OBJC_ISA_USAGE = YES_ERROR;
				CLANG_WARN_DOCUMENTATION_COMMENTS = YES;
				CLANG_WARN_EMPTY_BODY = YES;
				CLANG_WARN_ENUM_CONVERSION = YES;
				CLANG_WARN_INFINITE_RECURSION = YES;
				CLANG_WARN_INT_CONVERSION = YES;
				CLANG_WARN_NON_LITERAL_NULL_CONVERSION = YES;
				CLANG_WARN_OBJC_IMPLICIT_RETAIN_SELF = YES;
				CLANG_WARN_OBJC_LITERAL_CONVERSION = YES;
				CLANG_WARN_OBJC_ROOT_CLASS = YES_ERROR;
				CLANG_WARN_QUOTED_INCLUDE_IN_FRAMEWORK_HEADER = YES;
				CLANG_WARN_RANGE_LOOP_ANALYSIS = YES;
				CLANG_WARN_STRICT_PROTOTYPES = YES;
				CLANG_WARN_SUSPICIOUS_MOVE = YES;
				CLANG_WARN_UNGUARDED_AVAILABILITY = YES_AGGRESSIVE;
				CLANG_WARN_UNREACHABLE_CODE = YES;
				CLANG_WARN__DUPLICATE_METHOD_MATCH = YES;
				COPY_PHASE_STRIP = NO;
				DEBUG_INFORMATION_FORMAT = dwarf;
				ENABLE_STRICT_OBJC_MSGSEND = YES;
				ENABLE_TESTABILITY = YES;
				GCC_C_LANGUAGE_STANDARD = gnu11;
				GCC_DYNAMIC_NO_PIC = NO;
				GCC_NO_COMMON_BLOCKS = YES;
				GCC_OPTIMIZATION_LEVEL = 0;
				GCC_PREPROCESSOR_DEFINITIONS = (
					"DEBUG=1",
					"$(inherited)",
				);
				GCC_WARN_64_TO_32_BIT_CONVERSION = YES;
				GCC_WARN_ABOUT_RETURN_TYPE = YES_ERROR;
				GCC_WARN_UNDECLARED_SELECTOR = YES;
				GCC_WARN_UNINITIALIZED_AUTOS = YES_AGGRESSIVE;
				GCC_WARN_UNUSED_FUNCTION = YES;
				GCC_WARN_UNUSED_VARIABLE = YES;
				IPHONEOS_DEPLOYMENT_TARGET = 14.1;
				MTL_ENABLE_DEBUG_INFO = INCLUDE_SOURCE;
				MTL_FAST_MATH = YES;
				ONLY_ACTIVE_ARCH = YES;
				SDKROOT = iphoneos;
				SWIFT_ACTIVE_COMPILATION_CONDITIONS = DEBUG;
				SWIFT_OPTIMIZATION_LEVEL = "-Onone";
			};
			name = Debug;
		};
		ED7DF9532549C7430017CA14 /* Release */ = {
			isa = XCBuildConfiguration;
			buildSettings = {
				ALWAYS_SEARCH_USER_PATHS = NO;
				CLANG_ANALYZER_NONNULL = YES;
				CLANG_ANALYZER_NUMBER_OBJECT_CONVERSION = YES_AGGRESSIVE;
				CLANG_CXX_LANGUAGE_STANDARD = "gnu++14";
				CLANG_CXX_LIBRARY = "libc++";
				CLANG_ENABLE_MODULES = YES;
				CLANG_ENABLE_OBJC_ARC = YES;
				CLANG_ENABLE_OBJC_WEAK = YES;
				CLANG_WARN_BLOCK_CAPTURE_AUTORELEASING = YES;
				CLANG_WARN_BOOL_CONVERSION = YES;
				CLANG_WARN_COMMA = YES;
				CLANG_WARN_CONSTANT_CONVERSION = YES;
				CLANG_WARN_DEPRECATED_OBJC_IMPLEMENTATIONS = YES;
				CLANG_WARN_DIRECT_OBJC_ISA_USAGE = YES_ERROR;
				CLANG_WARN_DOCUMENTATION_COMMENTS = YES;
				CLANG_WARN_EMPTY_BODY = YES;
				CLANG_WARN_ENUM_CONVERSION = YES;
				CLANG_WARN_INFINITE_RECURSION = YES;
				CLANG_WARN_INT_CONVERSION = YES;
				CLANG_WARN_NON_LITERAL_NULL_CONVERSION = YES;
				CLANG_WARN_OBJC_IMPLICIT_RETAIN_SELF = YES;
				CLANG_WARN_OBJC_LITERAL_CONVERSION = YES;
				CLANG_WARN_OBJC_ROOT_CLASS = YES_ERROR;
				CLANG_WARN_QUOTED_INCLUDE_IN_FRAMEWORK_HEADER = YES;
				CLANG_WARN_RANGE_LOOP_ANALYSIS = YES;
				CLANG_WARN_STRICT_PROTOTYPES = YES;
				CLANG_WARN_SUSPICIOUS_MOVE = YES;
				CLANG_WARN_UNGUARDED_AVAILABILITY = YES_AGGRESSIVE;
				CLANG_WARN_UNREACHABLE_CODE = YES;
				CLANG_WARN__DUPLICATE_METHOD_MATCH = YES;
				COPY_PHASE_STRIP = NO;
				DEBUG_INFORMATION_FORMAT = "dwarf-with-dsym";
				ENABLE_NS_ASSERTIONS = NO;
				ENABLE_STRICT_OBJC_MSGSEND = YES;
				GCC_C_LANGUAGE_STANDARD = gnu11;
				GCC_NO_COMMON_BLOCKS = YES;
				GCC_WARN_64_TO_32_BIT_CONVERSION = YES;
				GCC_WARN_ABOUT_RETURN_TYPE = YES_ERROR;
				GCC_WARN_UNDECLARED_SELECTOR = YES;
				GCC_WARN_UNINITIALIZED_AUTOS = YES_AGGRESSIVE;
				GCC_WARN_UNUSED_FUNCTION = YES;
				GCC_WARN_UNUSED_VARIABLE = YES;
				IPHONEOS_DEPLOYMENT_TARGET = 14.1;
				MTL_ENABLE_DEBUG_INFO = NO;
				MTL_FAST_MATH = YES;
				SDKROOT = iphoneos;
				SWIFT_COMPILATION_MODE = wholemodule;
				SWIFT_OPTIMIZATION_LEVEL = "-O";
				VALIDATE_PRODUCT = YES;
			};
			name = Release;
		};
		ED7DF9552549C7430017CA14 /* Debug */ = {
			isa = XCBuildConfiguration;
			buildSettings = {
				ASSETCATALOG_COMPILER_APPICON_NAME = AppIcon;
				ASSETCATALOG_COMPILER_GLOBAL_ACCENT_COLOR_NAME = AccentColor;
				CODE_SIGN_STYLE = Automatic;
				INFOPLIST_FILE = Parstagram/Info.plist;
				LD_RUNPATH_SEARCH_PATHS = (
					"$(inherited)",
					"@executable_path/Frameworks",
				);
				PRODUCT_BUNDLE_IDENTIFIER = "com.veereshrajendran-gmail.com.Parstagram";
				PRODUCT_NAME = "$(TARGET_NAME)";
				SWIFT_VERSION = 5.0;
				TARGETED_DEVICE_FAMILY = "1,2";
			};
			name = Debug;
		};
		ED7DF9562549C7430017CA14 /* Release */ = {
			isa = XCBuildConfiguration;
			buildSettings = {
				ASSETCATALOG_COMPILER_APPICON_NAME = AppIcon;
				ASSETCATALOG_COMPILER_GLOBAL_ACCENT_COLOR_NAME = AccentColor;
				CODE_SIGN_STYLE = Automatic;
				INFOPLIST_FILE = Parstagram/Info.plist;
				LD_RUNPATH_SEARCH_PATHS = (
					"$(inherited)",
					"@executable_path/Frameworks",
				);
				PRODUCT_BUNDLE_IDENTIFIER = "com.veereshrajendran-gmail.com.Parstagram";
				PRODUCT_NAME = "$(TARGET_NAME)";
				SWIFT_VERSION = 5.0;
				TARGETED_DEVICE_FAMILY = "1,2";
			};
			name = Release;
		};
		ED7DF9582549C7430017CA14 /* Debug */ = {
			isa = XCBuildConfiguration;
			buildSettings = {
				ALWAYS_EMBED_SWIFT_STANDARD_LIBRARIES = YES;
				BUNDLE_LOADER = "$(TEST_HOST)";
				CODE_SIGN_STYLE = Automatic;
				INFOPLIST_FILE = ParstagramTests/Info.plist;
				IPHONEOS_DEPLOYMENT_TARGET = 14.1;
				LD_RUNPATH_SEARCH_PATHS = (
					"$(inherited)",
					"@executable_path/Frameworks",
					"@loader_path/Frameworks",
				);
				PRODUCT_BUNDLE_IDENTIFIER = "com.veereshrajendran-gmail.com.ParstagramTests";
				PRODUCT_NAME = "$(TARGET_NAME)";
				SWIFT_VERSION = 5.0;
				TARGETED_DEVICE_FAMILY = "1,2";
				TEST_HOST = "$(BUILT_PRODUCTS_DIR)/Parstagram.app/Parstagram";
			};
			name = Debug;
		};
		ED7DF9592549C7430017CA14 /* Release */ = {
			isa = XCBuildConfiguration;
			buildSettings = {
				ALWAYS_EMBED_SWIFT_STANDARD_LIBRARIES = YES;
				BUNDLE_LOADER = "$(TEST_HOST)";
				CODE_SIGN_STYLE = Automatic;
				INFOPLIST_FILE = ParstagramTests/Info.plist;
				IPHONEOS_DEPLOYMENT_TARGET = 14.1;
				LD_RUNPATH_SEARCH_PATHS = (
					"$(inherited)",
					"@executable_path/Frameworks",
					"@loader_path/Frameworks",
				);
				PRODUCT_BUNDLE_IDENTIFIER = "com.veereshrajendran-gmail.com.ParstagramTests";
				PRODUCT_NAME = "$(TARGET_NAME)";
				SWIFT_VERSION = 5.0;
				TARGETED_DEVICE_FAMILY = "1,2";
				TEST_HOST = "$(BUILT_PRODUCTS_DIR)/Parstagram.app/Parstagram";
			};
			name = Release;
		};
		ED7DF95B2549C7430017CA14 /* Debug */ = {
			isa = XCBuildConfiguration;
			buildSettings = {
				ALWAYS_EMBED_SWIFT_STANDARD_LIBRARIES = YES;
				CODE_SIGN_STYLE = Automatic;
				INFOPLIST_FILE = ParstagramUITests/Info.plist;
				LD_RUNPATH_SEARCH_PATHS = (
					"$(inherited)",
					"@executable_path/Frameworks",
					"@loader_path/Frameworks",
				);
				PRODUCT_BUNDLE_IDENTIFIER = "com.veereshrajendran-gmail.com.ParstagramUITests";
				PRODUCT_NAME = "$(TARGET_NAME)";
				SWIFT_VERSION = 5.0;
				TARGETED_DEVICE_FAMILY = "1,2";
				TEST_TARGET_NAME = Parstagram;
			};
			name = Debug;
		};
		ED7DF95C2549C7430017CA14 /* Release */ = {
			isa = XCBuildConfiguration;
			buildSettings = {
				ALWAYS_EMBED_SWIFT_STANDARD_LIBRARIES = YES;
				CODE_SIGN_STYLE = Automatic;
				INFOPLIST_FILE = ParstagramUITests/Info.plist;
				LD_RUNPATH_SEARCH_PATHS = (
					"$(inherited)",
					"@executable_path/Frameworks",
					"@loader_path/Frameworks",
				);
				PRODUCT_BUNDLE_IDENTIFIER = "com.veereshrajendran-gmail.com.ParstagramUITests";
				PRODUCT_NAME = "$(TARGET_NAME)";
				SWIFT_VERSION = 5.0;
				TARGETED_DEVICE_FAMILY = "1,2";
				TEST_TARGET_NAME = Parstagram;
			};
			name = Release;
		};
/* End XCBuildConfiguration section */

/* Begin XCConfigurationList section */
		ED7DF9252549C73E0017CA14 /* Build configuration list for PBXProject "Parstagram" */ = {
			isa = XCConfigurationList;
			buildConfigurations = (
				ED7DF9522549C7430017CA14 /* Debug */,
				ED7DF9532549C7430017CA14 /* Release */,
			);
			defaultConfigurationIsVisible = 0;
			defaultConfigurationName = Release;
		};
		ED7DF9542549C7430017CA14 /* Build configuration list for PBXNativeTarget "Parstagram" */ = {
			isa = XCConfigurationList;
			buildConfigurations = (
				ED7DF9552549C7430017CA14 /* Debug */,
				ED7DF9562549C7430017CA14 /* Release */,
			);
			defaultConfigurationIsVisible = 0;
			defaultConfigurationName = Release;
		};
		ED7DF9572549C7430017CA14 /* Build configuration list for PBXNativeTarget "ParstagramTests" */ = {
			isa = XCConfigurationList;
			buildConfigurations = (
				ED7DF9582549C7430017CA14 /* Debug */,
				ED7DF9592549C7430017CA14 /* Release */,
			);
			defaultConfigurationIsVisible = 0;
			defaultConfigurationName = Release;
		};
		ED7DF95A2549C7430017CA14 /* Build configuration list for PBXNativeTarget "ParstagramUITests" */ = {
			isa = XCConfigurationList;
			buildConfigurations = (
				ED7DF95B2549C7430017CA14 /* Debug */,
				ED7DF95C2549C7430017CA14 /* Release */,
			);
			defaultConfigurationIsVisible = 0;
			defaultConfigurationName = Release;
		};
/* End XCConfigurationList section */
	};
	rootObject = ED7DF9222549C73E0017CA14 /* Project object */;
}
